
Microsoft Visual Studio Solution File, Format Version 12.00
# Visual Studio Express 2013 for Windows Desktop
VisualStudioVersion = 12.0.21005.1
MinimumVisualStudioVersion = 10.0.40219.1
Project("{8BC9CEB8-8B4A-11D0-8D11-00A0C91BC942}") = "libparsedxf", "libparsedxf\libparsedxf.vcxproj", "{E78D47F2-1338-48A3-8E2E-8496DEFC4867}"
EndProject
Project("{8BC9CEB8-8B4A-11D0-8D11-00A0C91BC942}") = "test_memmap", "test_memmap\test_memmap.vcxproj", "{05CCD932-0724-444D-A10C-06852F18867C}"
	ProjectSection(ProjectDependencies) = postProject
		{E78D47F2-1338-48A3-8E2E-8496DEFC4867} = {E78D47F2-1338-48A3-8E2E-8496DEFC4867}
	EndProjectSection
EndProject
Project("{8BC9CEB8-8B4A-11D0-8D11-00A0C91BC942}") = "test_crapool", "test_crapool\test_crapool.vcxproj", "{D5DA673C-34B7-4AE4-8198-EE35AEBF4AE0}"
	ProjectSection(ProjectDependencies) = postProject
		{E78D47F2-1338-48A3-8E2E-8496DEFC4867} = {E78D47F2-1338-48A3-8E2E-8496DEFC4867}
	EndProjectSection
EndProject
Project("{8BC9CEB8-8B4A-11D0-8D11-00A0C91BC942}") = "test_hashtab", "test_hashtab\test_hashtab.vcxproj", "{7A30D847-72B6-4371-B259-249769F96465}"
	ProjectSection(ProjectDependencies) = postProject
		{E78D47F2-1338-48A3-8E2E-8496DEFC4867} = {E78D47F2-1338-48A3-8E2E-8496DEFC4867}
	EndProjectSection
EndProject
Project("{8BC9CEB8-8B4A-11D0-8D11-00A0C91BC942}") = "test_dxf_lexer", "test_dxf_lexer\test_dxf_lexer.vcxproj", "{60C8F2B4-5082-4809-8BB1-DC44CC482C0D}"
	ProjectSection(ProjectDependencies) = postProject
		{E78D47F2-1338-48A3-8E2E-8496DEFC4867} = {E78D47F2-1338-48A3-8E2E-8496DEFC4867}
	EndProjectSection
EndProject
Global
	GlobalSection(SolutionConfigurationPlatforms) = preSolution
		Debug|Win32 = Debug|Win32
		Release|Win32 = Release|Win32
	EndGlobalSection
	GlobalSection(ProjectConfigurationPlatforms) = postSolution
		{E78D47F2-1338-48A3-8E2E-8496DEFC4867}.Debug|Win32.ActiveCfg = Debug|Win32
		{E78D47F2-1338-48A3-8E2E-8496DEFC4867}.Debug|Win32.Build.0 = Debug|Win32
		{E78D47F2-1338-48A3-8E2E-8496DEFC4867}.Release|Win32.ActiveCfg = Release|Win32
		{E78D47F2-1338-48A3-8E2E-8496DEFC4867}.Release|Win32.Build.0 = Release|Win32
		{05CCD932-0724-444D-A10C-06852F18867C}.Debug|Win32.ActiveCfg = Debug|Win32
		{05CCD932-0724-444D-A10C-06852F18867C}.Debug|Win32.Build.0 = Debug|Win32
		{05CCD932-0724-444D-A10C-06852F18867C}.Release|Win32.ActiveCfg = Release|Win32
		{05CCD932-0724-444D-A10C-06852F18867C}.Release|Win32.Build.0 = Release|Win32
		{D5DA673C-34B7-4AE4-8198-EE35AEBF4AE0}.Debug|Win32.ActiveCfg = Debug|Win32
		{D5DA673C-34B7-4AE4-8198-EE35AEBF4AE0}.Debug|Win32.Build.0 = Debug|Win32
		{D5DA673C-34B7-4AE4-8198-EE35AEBF4AE0}.Release|Win32.ActiveCfg = Release|Win32
		{D5DA673C-34B7-4AE4-8198-EE35AEBF4AE0}.Release|Win32.Build.0 = Release|Win32
		{7A30D847-72B6-4371-B259-249769F96465}.Debug|Win32.ActiveCfg = Debug|Win32
		{7A30D847-72B6-4371-B259-249769F96465}.Debug|Win32.Build.0 = Debug|Win32
		{7A30D847-72B6-4371-B259-249769F96465}.Release|Win32.ActiveCfg = Release|Win32
		{7A30D847-72B6-4371-B259-249769F96465}.Release|Win32.Build.0 = Release|Win32
		{60C8F2B4-5082-4809-8BB1-DC44CC482C0D}.Debug|Win32.ActiveCfg = Debug|Win32
		{60C8F2B4-5082-4809-8BB1-DC44CC482C0D}.Debug|Win32.Build.0 = Debug|Win32
		{60C8F2B4-5082-4809-8BB1-DC44CC482C0D}.Release|Win32.ActiveCfg = Release|Win32
		{60C8F2B4-5082-4809-8BB1-DC44CC482C0D}.Release|Win32.Build.0 = Release|Win32
	EndGlobalSection
	GlobalSection(SolutionProperties) = preSolution
		HideSolutionNode = FALSE
	EndGlobalSection
EndGlobal
